
Microsoft Visual Studio Solution File, Format Version 12.00
# Visual Studio Version 17
VisualStudioVersion = 17.8.34316.72
MinimumVisualStudioVersion = 10.0.40219.1
Project("{FAE04EC0-301F-11D3-BF4B-00C04F79EFBC}") = "Uppgift3", "Uppgift3\Uppgift3.csproj", "{B06AF23F-CB33-4FC1-82EE-FE96AAA5DD71}"
EndProject
Global
	GlobalSection(SolutionConfigurationPlatforms) = preSolution
		Debug|Any CPU = Debug|Any CPU
		Release|Any CPU = Release|Any CPU
	EndGlobalSection
	GlobalSection(ProjectConfigurationPlatforms) = postSolution
		{B06AF23F-CB33-4FC1-82EE-FE96AAA5DD71}.Debug|Any CPU.ActiveCfg = Debug|Any CPU
		{B06AF23F-CB33-4FC1-82EE-FE96AAA5DD71}.Debug|Any CPU.Build.0 = Debug|Any CPU
		{B06AF23F-CB33-4FC1-82EE-FE96AAA5DD71}.Release|Any CPU.ActiveCfg = Release|Any CPU
		{B06AF23F-CB33-4FC1-82EE-FE96AAA5DD71}.Release|Any CPU.Build.0 = Release|Any CPU
	EndGlobalSection
	GlobalSection(SolutionProperties) = preSolution
		HideSolutionNode = FALSE
	EndGlobalSection
	GlobalSection(ExtensibilityGlobals) = postSolution
		SolutionGuid = {2FF60058-BAF7-49CD-99C0-788AC962A4EF}
	EndGlobalSection
EndGlobal
